
Microsoft Visual Studio Solution File, Format Version 12.00
# Visual Studio Version 16
VisualStudioVersion = 16.0.31702.278
MinimumVisualStudioVersion = 10.0.40219.1
Project("{8BC9CEB8-8B4A-11D0-8D11-00A0C91BC942}") = "Lab_5.5", "Lab_5.5\Lab_5.5.vcxproj", "{F80A511C-07FB-4E9B-9418-A7E3672FE7EC}"
EndProject
Project("{8BC9CEB8-8B4A-11D0-8D11-00A0C91BC942}") = "UnitTest1", "UnitTest1\UnitTest1.vcxproj", "{EFEF4880-B6DD-4E71-BE67-C7B3F78D293C}"
EndProject
Global
	GlobalSection(SolutionConfigurationPlatforms) = preSolution
		Debug|x64 = Debug|x64
		Debug|x86 = Debug|x86
		Release|x64 = Release|x64
		Release|x86 = Release|x86
	EndGlobalSection
	GlobalSection(ProjectConfigurationPlatforms) = postSolution
		{F80A511C-07FB-4E9B-9418-A7E3672FE7EC}.Debug|x64.ActiveCfg = Debug|x64
		{F80A511C-07FB-4E9B-9418-A7E3672FE7EC}.Debug|x64.Build.0 = Debug|x64
		{F80A511C-07FB-4E9B-9418-A7E3672FE7EC}.Debug|x86.ActiveCfg = Debug|Win32
		{F80A511C-07FB-4E9B-9418-A7E3672FE7EC}.Debug|x86.Build.0 = Debug|Win32
		{F80A511C-07FB-4E9B-9418-A7E3672FE7EC}.Release|x64.ActiveCfg = Release|x64
		{F80A511C-07FB-4E9B-9418-A7E3672FE7EC}.Release|x64.Build.0 = Release|x64
		{F80A511C-07FB-4E9B-9418-A7E3672FE7EC}.Release|x86.ActiveCfg = Release|Win32
		{F80A511C-07FB-4E9B-9418-A7E3672FE7EC}.Release|x86.Build.0 = Release|Win32
		{EFEF4880-B6DD-4E71-BE67-C7B3F78D293C}.Debug|x64.ActiveCfg = Debug|x64
		{EFEF4880-B6DD-4E71-BE67-C7B3F78D293C}.Debug|x64.Build.0 = Debug|x64
		{EFEF4880-B6DD-4E71-BE67-C7B3F78D293C}.Debug|x86.ActiveCfg = Debug|Win32
		{EFEF4880-B6DD-4E71-BE67-C7B3F78D293C}.Debug|x86.Build.0 = Debug|Win32
		{EFEF4880-B6DD-4E71-BE67-C7B3F78D293C}.Release|x64.ActiveCfg = Release|x64
		{EFEF4880-B6DD-4E71-BE67-C7B3F78D293C}.Release|x64.Build.0 = Release|x64
		{EFEF4880-B6DD-4E71-BE67-C7B3F78D293C}.Release|x86.ActiveCfg = Release|Win32
		{EFEF4880-B6DD-4E71-BE67-C7B3F78D293C}.Release|x86.Build.0 = Release|Win32
	EndGlobalSection
	GlobalSection(SolutionProperties) = preSolution
		HideSolutionNode = FALSE
	EndGlobalSection
	GlobalSection(ExtensibilityGlobals) = postSolution
		SolutionGuid = {F45EBE39-1E93-45AE-8273-2AD3DD23B238}
	EndGlobalSection
EndGlobal
